# THIS IS AN AUTOGENERATED FILE. DO NOT EDIT THIS FILE DIRECTLY.
# yarn lockfile v1


vue-router@^3.1.2:
  version "3.1.2"
  resolved "https://registry.npmjs.org/vue-router/-/vue-router-3.1.2.tgz#2e0904703545dabdd42b2b7a2e617f02f99a1969"
  integrity sha512-WssQEHSEvIS1/CI4CO2T8LJdoK4Q9Ngox28K7FDNMTfzNTk2WS5D0dDlqYCaPG+AG4Z8wJkn1KrBc7AhspZJUQ==

vue@^2.6.10:
  version "2.6.10"
  resolved "https://registry.npmjs.org/vue/-/vue-2.6.10.tgz#a72b1a42a4d82a721ea438d1b6bf55e66195c637"
  integrity sha512-ImThpeNU9HbdZL3utgMCq0oiMzAkt1mcgy3/E6zWC/G6AaQoeuFdsl9nDhTDU3X1R6FK7nsIUuRACVcjI+A2GQ==
